{
  "name": "mburakerman.github.io",
  "version": "1.0.0",
  "lockfileVersion": 3,
  "requires": true,
  "packages": {
    "": {
      "name": "mburakerman.github.io",
      "version": "1.0.0",
      "license": "ISC",
      "dependencies": {
        "@builder.io/partytown": "^0.7.4"
      }
    },
    "node_modules/@builder.io/partytown": {
      "version": "0.7.4",
      "resolved": "https://registry.npmjs.org/@builder.io/partytown/-/partytown-0.7.4.tgz",
      "integrity": "sha512-dcZBPNQiHbMhvDGmdWRFNe75Z/XYmeZ2bubYmC5BeQpF09ObbPcbSqIP2NaNOFonKlWLfsE6u1790o9ZmlfpIw==",
      "bin": {
        "partytown": "bin/partytown.cjs"
      }
    }
  }
}
